// !$*UTF8*$!
{
	archiveVersion = 1;
	classes = {
	};
	objectVersion = 50;
	objects = {

/* Begin PBXBuildFile section */
		36BE0872D4DA842058DCA91D /* Pods_SacredCalendarUITests.framework in Frameworks */ = {isa = PBXBuildFile; fileRef = 6BA15B465CC15D18A0BBFD8B /* Pods_SacredCalendarUITests.framework */; };
		48B3B8B09D91243E7B311675 /* Pods_SacredCalendar.framework in Frameworks */ = {isa = PBXBuildFile; fileRef = B513FB8EB7AA76E9ABE30D60 /* Pods_SacredCalendar.framework */; };
		6FFCD8EFB9C5B5630C62FB73 /* Pods_SacredCalendarTests.framework in Frameworks */ = {isa = PBXBuildFile; fileRef = 34550049EF923839B4B12D5C /* Pods_SacredCalendarTests.framework */; };
		71D90933216D98390036AC5E /* Event.swift in Sources */ = {isa = PBXBuildFile; fileRef = 71D90932216D98390036AC5E /* Event.swift */; };
		8BA9005C215334BA00FF7733 /* AppDelegate.swift in Sources */ = {isa = PBXBuildFile; fileRef = 8BA9005B215334BA00FF7733 /* AppDelegate.swift */; };
		8BA9005E215334BA00FF7733 /* ViewController.swift in Sources */ = {isa = PBXBuildFile; fileRef = 8BA9005D215334BA00FF7733 /* ViewController.swift */; };
		8BA90061215334BA00FF7733 /* Main.storyboard in Resources */ = {isa = PBXBuildFile; fileRef = 8BA9005F215334BA00FF7733 /* Main.storyboard */; };
		8BA90063215334BA00FF7733 /* Assets.xcassets in Resources */ = {isa = PBXBuildFile; fileRef = 8BA90062215334BA00FF7733 /* Assets.xcassets */; };
		8BA90066215334BA00FF7733 /* LaunchScreen.storyboard in Resources */ = {isa = PBXBuildFile; fileRef = 8BA90064215334BA00FF7733 /* LaunchScreen.storyboard */; };
		8BA90071215334BB00FF7733 /* SacredCalendarTests.swift in Sources */ = {isa = PBXBuildFile; fileRef = 8BA90070215334BB00FF7733 /* SacredCalendarTests.swift */; };
		8BA9007C215334BB00FF7733 /* SacredCalendarUITests.swift in Sources */ = {isa = PBXBuildFile; fileRef = 8BA9007B215334BB00FF7733 /* SacredCalendarUITests.swift */; };
/* End PBXBuildFile section */

/* Begin PBXContainerItemProxy section */
		8BA9006D215334BB00FF7733 /* PBXContainerItemProxy */ = {
			isa = PBXContainerItemProxy;
			containerPortal = 8BA90050215334BA00FF7733 /* Project object */;
			proxyType = 1;
			remoteGlobalIDString = 8BA90057215334BA00FF7733;
			remoteInfo = SacredCalendar;
		};
		8BA90078215334BB00FF7733 /* PBXContainerItemProxy */ = {
			isa = PBXContainerItemProxy;
			containerPortal = 8BA90050215334BA00FF7733 /* Project object */;
			proxyType = 1;
			remoteGlobalIDString = 8BA90057215334BA00FF7733;
			remoteInfo = SacredCalendar;
		};
/* End PBXContainerItemProxy section */

/* Begin PBXFileReference section */
		102A6DC7EE4D37CB05A0985A /* Pods-SacredCalendarUITests.release.xcconfig */ = {isa = PBXFileReference; includeInIndex = 1; lastKnownFileType = text.xcconfig; name = "Pods-SacredCalendarUITests.release.xcconfig"; path = "Pods/Target Support Files/Pods-SacredCalendarUITests/Pods-SacredCalendarUITests.release.xcconfig"; sourceTree = "<group>"; };
		34550049EF923839B4B12D5C /* Pods_SacredCalendarTests.framework */ = {isa = PBXFileReference; explicitFileType = wrapper.framework; includeInIndex = 0; path = Pods_SacredCalendarTests.framework; sourceTree = BUILT_PRODUCTS_DIR; };
		6BA15B465CC15D18A0BBFD8B /* Pods_SacredCalendarUITests.framework */ = {isa = PBXFileReference; explicitFileType = wrapper.framework; includeInIndex = 0; path = Pods_SacredCalendarUITests.framework; sourceTree = BUILT_PRODUCTS_DIR; };
		6DF08B653A47221361681CB6 /* Pods-SacredCalendar.debug.xcconfig */ = {isa = PBXFileReference; includeInIndex = 1; lastKnownFileType = text.xcconfig; name = "Pods-SacredCalendar.debug.xcconfig"; path = "Pods/Target Support Files/Pods-SacredCalendar/Pods-SacredCalendar.debug.xcconfig"; sourceTree = "<group>"; };
		71D90932216D98390036AC5E /* Event.swift */ = {isa = PBXFileReference; lastKnownFileType = sourcecode.swift; path = Event.swift; sourceTree = "<group>"; };
		8BA90058215334BA00FF7733 /* SacredCalendar.app */ = {isa = PBXFileReference; explicitFileType = wrapper.application; includeInIndex = 0; path = SacredCalendar.app; sourceTree = BUILT_PRODUCTS_DIR; };
		8BA9005B215334BA00FF7733 /* AppDelegate.swift */ = {isa = PBXFileReference; lastKnownFileType = sourcecode.swift; path = AppDelegate.swift; sourceTree = "<group>"; };
		8BA9005D215334BA00FF7733 /* ViewController.swift */ = {isa = PBXFileReference; lastKnownFileType = sourcecode.swift; path = ViewController.swift; sourceTree = "<group>"; };
		8BA90060215334BA00FF7733 /* Base */ = {isa = PBXFileReference; lastKnownFileType = file.storyboard; name = Base; path = Base.lproj/Main.storyboard; sourceTree = "<group>"; };
		8BA90062215334BA00FF7733 /* Assets.xcassets */ = {isa = PBXFileReference; lastKnownFileType = folder.assetcatalog; path = Assets.xcassets; sourceTree = "<group>"; };
		8BA90065215334BA00FF7733 /* Base */ = {isa = PBXFileReference; lastKnownFileType = file.storyboard; name = Base; path = Base.lproj/LaunchScreen.storyboard; sourceTree = "<group>"; };
		8BA90067215334BA00FF7733 /* Info.plist */ = {isa = PBXFileReference; lastKnownFileType = text.plist.xml; path = Info.plist; sourceTree = "<group>"; };
		8BA9006C215334BB00FF7733 /* SacredCalendarTests.xctest */ = {isa = PBXFileReference; explicitFileType = wrapper.cfbundle; includeInIndex = 0; path = SacredCalendarTests.xctest; sourceTree = BUILT_PRODUCTS_DIR; };
		8BA90070215334BB00FF7733 /* SacredCalendarTests.swift */ = {isa = PBXFileReference; lastKnownFileType = sourcecode.swift; path = SacredCalendarTests.swift; sourceTree = "<group>"; };
		8BA90072215334BB00FF7733 /* Info.plist */ = {isa = PBXFileReference; lastKnownFileType = text.plist.xml; path = Info.plist; sourceTree = "<group>"; };
		8BA90077215334BB00FF7733 /* SacredCalendarUITests.xctest */ = {isa = PBXFileReference; explicitFileType = wrapper.cfbundle; includeInIndex = 0; path = SacredCalendarUITests.xctest; sourceTree = BUILT_PRODUCTS_DIR; };
		8BA9007B215334BB00FF7733 /* SacredCalendarUITests.swift */ = {isa = PBXFileReference; lastKnownFileType = sourcecode.swift; path = SacredCalendarUITests.swift; sourceTree = "<group>"; };
		8BA9007D215334BB00FF7733 /* Info.plist */ = {isa = PBXFileReference; lastKnownFileType = text.plist.xml; path = Info.plist; sourceTree = "<group>"; };
		A6BB218A37F34B3C5BA101D8 /* Pods-SacredCalendarTests.release.xcconfig */ = {isa = PBXFileReference; includeInIndex = 1; lastKnownFileType = text.xcconfig; name = "Pods-SacredCalendarTests.release.xcconfig"; path = "Pods/Target Support Files/Pods-SacredCalendarTests/Pods-SacredCalendarTests.release.xcconfig"; sourceTree = "<group>"; };
		B513FB8EB7AA76E9ABE30D60 /* Pods_SacredCalendar.framework */ = {isa = PBXFileReference; explicitFileType = wrapper.framework; includeInIndex = 0; path = Pods_SacredCalendar.framework; sourceTree = BUILT_PRODUCTS_DIR; };
		C86CBD267973E68417265440 /* Pods-SacredCalendarTests.debug.xcconfig */ = {isa = PBXFileReference; includeInIndex = 1; lastKnownFileType = text.xcconfig; name = "Pods-SacredCalendarTests.debug.xcconfig"; path = "Pods/Target Support Files/Pods-SacredCalendarTests/Pods-SacredCalendarTests.debug.xcconfig"; sourceTree = "<group>"; };
		D6641C8971CEEBC04FEF89F5 /* Pods-SacredCalendar.release.xcconfig */ = {isa = PBXFileReference; includeInIndex = 1; lastKnownFileType = text.xcconfig; name = "Pods-SacredCalendar.release.xcconfig"; path = "Pods/Target Support Files/Pods-SacredCalendar/Pods-SacredCalendar.release.xcconfig"; sourceTree = "<group>"; };
		D7E1235FAE83FD8658C39CF6 /* Pods-SacredCalendarUITests.debug.xcconfig */ = {isa = PBXFileReference; includeInIndex = 1; lastKnownFileType = text.xcconfig; name = "Pods-SacredCalendarUITests.debug.xcconfig"; path = "Pods/Target Support Files/Pods-SacredCalendarUITests/Pods-SacredCalendarUITests.debug.xcconfig"; sourceTree = "<group>"; };
/* End PBXFileReference section */

/* Begin PBXFrameworksBuildPhase section */
		8BA90055215334BA00FF7733 /* Frameworks */ = {
			isa = PBXFrameworksBuildPhase;
			buildActionMask = 2147483647;
			files = (
				48B3B8B09D91243E7B311675 /* Pods_SacredCalendar.framework in Frameworks */,
			);
			runOnlyForDeploymentPostprocessing = 0;
		};
		8BA90069215334BB00FF7733 /* Frameworks */ = {
			isa = PBXFrameworksBuildPhase;
			buildActionMask = 2147483647;
			files = (
				6FFCD8EFB9C5B5630C62FB73 /* Pods_SacredCalendarTests.framework in Frameworks */,
			);
			runOnlyForDeploymentPostprocessing = 0;
		};
		8BA90074215334BB00FF7733 /* Frameworks */ = {
			isa = PBXFrameworksBuildPhase;
			buildActionMask = 2147483647;
			files = (
				36BE0872D4DA842058DCA91D /* Pods_SacredCalendarUITests.framework in Frameworks */,
			);
			runOnlyForDeploymentPostprocessing = 0;
		};
/* End PBXFrameworksBuildPhase section */

/* Begin PBXGroup section */
		67EFB2396AA53A02FD7EC0D4 /* Pods */ = {
			isa = PBXGroup;
			children = (
				6DF08B653A47221361681CB6 /* Pods-SacredCalendar.debug.xcconfig */,
				D6641C8971CEEBC04FEF89F5 /* Pods-SacredCalendar.release.xcconfig */,
				C86CBD267973E68417265440 /* Pods-SacredCalendarTests.debug.xcconfig */,
				A6BB218A37F34B3C5BA101D8 /* Pods-SacredCalendarTests.release.xcconfig */,
				D7E1235FAE83FD8658C39CF6 /* Pods-SacredCalendarUITests.debug.xcconfig */,
				102A6DC7EE4D37CB05A0985A /* Pods-SacredCalendarUITests.release.xcconfig */,
			);
			name = Pods;
			sourceTree = "<group>";
		};
		8BA9004F215334BA00FF7733 = {
			isa = PBXGroup;
			children = (
				8BA9005A215334BA00FF7733 /* SacredCalendar */,
				8BA9006F215334BB00FF7733 /* SacredCalendarTests */,
				8BA9007A215334BB00FF7733 /* SacredCalendarUITests */,
				8BA90059215334BA00FF7733 /* Products */,
				67EFB2396AA53A02FD7EC0D4 /* Pods */,
				D5109DF851616427110D6CE4 /* Frameworks */,
			);
			sourceTree = "<group>";
		};
		8BA90059215334BA00FF7733 /* Products */ = {
			isa = PBXGroup;
			children = (
				8BA90058215334BA00FF7733 /* SacredCalendar.app */,
				8BA9006C215334BB00FF7733 /* SacredCalendarTests.xctest */,
				8BA90077215334BB00FF7733 /* SacredCalendarUITests.xctest */,
			);
			name = Products;
			sourceTree = "<group>";
		};
		8BA9005A215334BA00FF7733 /* SacredCalendar */ = {
			isa = PBXGroup;
			children = (
				8BA9005B215334BA00FF7733 /* AppDelegate.swift */,
				8BA9005D215334BA00FF7733 /* ViewController.swift */,
				71D90932216D98390036AC5E /* Event.swift */,
				8BA9005F215334BA00FF7733 /* Main.storyboard */,
				8BA90062215334BA00FF7733 /* Assets.xcassets */,
				8BA90064215334BA00FF7733 /* LaunchScreen.storyboard */,
				8BA90067215334BA00FF7733 /* Info.plist */,
			);
			path = SacredCalendar;
			sourceTree = "<group>";
		};
		8BA9006F215334BB00FF7733 /* SacredCalendarTests */ = {
			isa = PBXGroup;
			children = (
				8BA90070215334BB00FF7733 /* SacredCalendarTests.swift */,
				8BA90072215334BB00FF7733 /* Info.plist */,
			);
			path = SacredCalendarTests;
			sourceTree = "<group>";
		};
		8BA9007A215334BB00FF7733 /* SacredCalendarUITests */ = {
			isa = PBXGroup;
			children = (
				8BA9007B215334BB00FF7733 /* SacredCalendarUITests.swift */,
				8BA9007D215334BB00FF7733 /* Info.plist */,
			);
			path = SacredCalendarUITests;
			sourceTree = "<group>";
		};
		D5109DF851616427110D6CE4 /* Frameworks */ = {
			isa = PBXGroup;
			children = (
				B513FB8EB7AA76E9ABE30D60 /* Pods_SacredCalendar.framework */,
				34550049EF923839B4B12D5C /* Pods_SacredCalendarTests.framework */,
				6BA15B465CC15D18A0BBFD8B /* Pods_SacredCalendarUITests.framework */,
			);
			name = Frameworks;
			sourceTree = "<group>";
		};
/* End PBXGroup section */

/* Begin PBXNativeTarget section */
		8BA90057215334BA00FF7733 /* SacredCalendar */ = {
			isa = PBXNativeTarget;
			buildConfigurationList = 8BA90080215334BB00FF7733 /* Build configuration list for PBXNativeTarget "SacredCalendar" */;
			buildPhases = (
				96A2653F2B503BEC7FF8C939 /* [CP] Check Pods Manifest.lock */,
				8BA90054215334BA00FF7733 /* Sources */,
				8BA90055215334BA00FF7733 /* Frameworks */,
				8BA90056215334BA00FF7733 /* Resources */,
				BC2F1E9D803060476CDA127A /* [CP] Embed Pods Frameworks */,
				544015B71ADF2EF8D60441BF /* [CP] Copy Pods Resources */,
			);
			buildRules = (
			);
			dependencies = (
			);
			name = SacredCalendar;
			productName = SacredCalendar;
			productReference = 8BA90058215334BA00FF7733 /* SacredCalendar.app */;
			productType = "com.apple.product-type.application";
		};
		8BA9006B215334BB00FF7733 /* SacredCalendarTests */ = {
			isa = PBXNativeTarget;
			buildConfigurationList = 8BA90083215334BB00FF7733 /* Build configuration list for PBXNativeTarget "SacredCalendarTests" */;
			buildPhases = (
				FB2AC58C8D4A2B9CB765A3AE /* [CP] Check Pods Manifest.lock */,
				8BA90068215334BB00FF7733 /* Sources */,
				8BA90069215334BB00FF7733 /* Frameworks */,
				8BA9006A215334BB00FF7733 /* Resources */,
			);
			buildRules = (
			);
			dependencies = (
				8BA9006E215334BB00FF7733 /* PBXTargetDependency */,
			);
			name = SacredCalendarTests;
			productName = SacredCalendarTests;
			productReference = 8BA9006C215334BB00FF7733 /* SacredCalendarTests.xctest */;
			productType = "com.apple.product-type.bundle.unit-test";
		};
		8BA90076215334BB00FF7733 /* SacredCalendarUITests */ = {
			isa = PBXNativeTarget;
			buildConfigurationList = 8BA90086215334BB00FF7733 /* Build configuration list for PBXNativeTarget "SacredCalendarUITests" */;
			buildPhases = (
				4AC51DBD3ED9427E09534CD1 /* [CP] Check Pods Manifest.lock */,
				8BA90073215334BB00FF7733 /* Sources */,
				8BA90074215334BB00FF7733 /* Frameworks */,
				8BA90075215334BB00FF7733 /* Resources */,
			);
			buildRules = (
			);
			dependencies = (
				8BA90079215334BB00FF7733 /* PBXTargetDependency */,
			);
			name = SacredCalendarUITests;
			productName = SacredCalendarUITests;
			productReference = 8BA90077215334BB00FF7733 /* SacredCalendarUITests.xctest */;
			productType = "com.apple.product-type.bundle.ui-testing";
		};
/* End PBXNativeTarget section */

/* Begin PBXProject section */
		8BA90050215334BA00FF7733 /* Project object */ = {
			isa = PBXProject;
			attributes = {
				LastSwiftUpdateCheck = 1000;
				LastUpgradeCheck = 1000;
				ORGANIZATIONNAME = CS4320;
				TargetAttributes = {
					8BA90057215334BA00FF7733 = {
						CreatedOnToolsVersion = 10.0;
					};
					8BA9006B215334BB00FF7733 = {
						CreatedOnToolsVersion = 10.0;
						TestTargetID = 8BA90057215334BA00FF7733;
					};
					8BA90076215334BB00FF7733 = {
						CreatedOnToolsVersion = 10.0;
						TestTargetID = 8BA90057215334BA00FF7733;
					};
				};
			};
			buildConfigurationList = 8BA90053215334BA00FF7733 /* Build configuration list for PBXProject "SacredCalendar" */;
			compatibilityVersion = "Xcode 9.3";
			developmentRegion = en;
			hasScannedForEncodings = 0;
			knownRegions = (
				en,
				Base,
			);
			mainGroup = 8BA9004F215334BA00FF7733;
			productRefGroup = 8BA90059215334BA00FF7733 /* Products */;
			projectDirPath = "";
			projectRoot = "";
			targets = (
				8BA90057215334BA00FF7733 /* SacredCalendar */,
				8BA9006B215334BB00FF7733 /* SacredCalendarTests */,
				8BA90076215334BB00FF7733 /* SacredCalendarUITests */,
			);
		};
/* End PBXProject section */

/* Begin PBXResourcesBuildPhase section */
		8BA90056215334BA00FF7733 /* Resources */ = {
			isa = PBXResourcesBuildPhase;
			buildActionMask = 2147483647;
			files = (
				8BA90066215334BA00FF7733 /* LaunchScreen.storyboard in Resources */,
				8BA90063215334BA00FF7733 /* Assets.xcassets in Resources */,
				8BA90061215334BA00FF7733 /* Main.storyboard in Resources */,
			);
			runOnlyForDeploymentPostprocessing = 0;
		};
		8BA9006A215334BB00FF7733 /* Resources */ = {
			isa = PBXResourcesBuildPhase;
			buildActionMask = 2147483647;
			files = (
			);
			runOnlyForDeploymentPostprocessing = 0;
		};
		8BA90075215334BB00FF7733 /* Resources */ = {
			isa = PBXResourcesBuildPhase;
			buildActionMask = 2147483647;
			files = (
			);
			runOnlyForDeploymentPostprocessing = 0;
		};
/* End PBXResourcesBuildPhase section */

/* Begin PBXShellScriptBuildPhase section */
		4AC51DBD3ED9427E09534CD1 /* [CP] Check Pods Manifest.lock */ = {
			isa = PBXShellScriptBuildPhase;
			buildActionMask = 2147483647;
			files = (
			);
			inputFileListPaths = (
			);
			inputPaths = (
				"${PODS_PODFILE_DIR_PATH}/Podfile.lock",
				"${PODS_ROOT}/Manifest.lock",
			);
			name = "[CP] Check Pods Manifest.lock";
			outputFileListPaths = (
			);
			outputPaths = (
				"$(DERIVED_FILE_DIR)/Pods-SacredCalendarUITests-checkManifestLockResult.txt",
			);
			runOnlyForDeploymentPostprocessing = 0;
			shellPath = /bin/sh;
			shellScript = "diff \"${PODS_PODFILE_DIR_PATH}/Podfile.lock\" \"${PODS_ROOT}/Manifest.lock\" > /dev/null\nif [ $? != 0 ] ; then\n    # print error to STDERR\n    echo \"error: The sandbox is not in sync with the Podfile.lock. Run 'pod install' or update your CocoaPods installation.\" >&2\n    exit 1\nfi\n# This output is used by Xcode 'outputs' to avoid re-running this script phase.\necho \"SUCCESS\" > \"${SCRIPT_OUTPUT_FILE_0}\"\n";
			showEnvVarsInLog = 0;
		};
		544015B71ADF2EF8D60441BF /* [CP] Copy Pods Resources */ = {
			isa = PBXShellScriptBuildPhase;
			buildActionMask = 2147483647;
			files = (
			);
			inputFileListPaths = (
			);
			inputPaths = (
				"${SRCROOT}/Pods/Target Support Files/Pods-SacredCalendar/Pods-SacredCalendar-resources.sh",
				"${PODS_ROOT}/FirebaseInvites/Resources/GINInviteResources.bundle",
				"${PODS_ROOT}/FirebaseInvites/Resources/GPPACLPickerResources.bundle",
				"${PODS_ROOT}/GoogleSignIn/Resources/GoogleSignIn.bundle",
			);
			name = "[CP] Copy Pods Resources";
			outputFileListPaths = (
			);
			outputPaths = (
				"${TARGET_BUILD_DIR}/${UNLOCALIZED_RESOURCES_FOLDER_PATH}/GINInviteResources.bundle",
				"${TARGET_BUILD_DIR}/${UNLOCALIZED_RESOURCES_FOLDER_PATH}/GPPACLPickerResources.bundle",
				"${TARGET_BUILD_DIR}/${UNLOCALIZED_RESOURCES_FOLDER_PATH}/GoogleSignIn.bundle",
			);
			runOnlyForDeploymentPostprocessing = 0;
			shellPath = /bin/sh;
			shellScript = "\"${SRCROOT}/Pods/Target Support Files/Pods-SacredCalendar/Pods-SacredCalendar-resources.sh\"\n";
			showEnvVarsInLog = 0;
		};
		96A2653F2B503BEC7FF8C939 /* [CP] Check Pods Manifest.lock */ = {
			isa = PBXShellScriptBuildPhase;
			buildActionMask = 2147483647;
			files = (
			);
			inputFileListPaths = (
			);
			inputPaths = (
				"${PODS_PODFILE_DIR_PATH}/Podfile.lock",
				"${PODS_ROOT}/Manifest.lock",
			);
			name = "[CP] Check Pods Manifest.lock";
			outputFileListPaths = (
			);
			outputPaths = (
				"$(DERIVED_FILE_DIR)/Pods-SacredCalendar-checkManifestLockResult.txt",
			);
			runOnlyForDeploymentPostprocessing = 0;
			shellPath = /bin/sh;
			shellScript = "diff \"${PODS_PODFILE_DIR_PATH}/Podfile.lock\" \"${PODS_ROOT}/Manifest.lock\" > /dev/null\nif [ $? != 0 ] ; then\n    # print error to STDERR\n    echo \"error: The sandbox is not in sync with the Podfile.lock. Run 'pod install' or update your CocoaPods installation.\" >&2\n    exit 1\nfi\n# This output is used by Xcode 'outputs' to avoid re-running this script phase.\necho \"SUCCESS\" > \"${SCRIPT_OUTPUT_FILE_0}\"\n";
			showEnvVarsInLog = 0;
		};
		BC2F1E9D803060476CDA127A /* [CP] Embed Pods Frameworks */ = {
			isa = PBXShellScriptBuildPhase;
			buildActionMask = 2147483647;
			files = (
			);
			inputFileListPaths = (
			);
			inputPaths = (
				"${SRCROOT}/Pods/Target Support Files/Pods-SacredCalendar/Pods-SacredCalendar-frameworks.sh",
				"${BUILT_PRODUCTS_DIR}/Alamofire/Alamofire.framework",
				"${BUILT_PRODUCTS_DIR}/GTMOAuth2/GTMOAuth2.framework",
				"${BUILT_PRODUCTS_DIR}/GTMSessionFetcher/GTMSessionFetcher.framework",
				"${BUILT_PRODUCTS_DIR}/GoogleAPIClientForREST/GoogleAPIClientForREST.framework",
				"${BUILT_PRODUCTS_DIR}/GoogleToolboxForMac/GoogleToolboxForMac.framework",
				"${BUILT_PRODUCTS_DIR}/GoogleUtilities/GoogleUtilities.framework",
				"${BUILT_PRODUCTS_DIR}/Protobuf/Protobuf.framework",
				"${BUILT_PRODUCTS_DIR}/RxCocoa/RxCocoa.framework",
				"${BUILT_PRODUCTS_DIR}/RxSwift/RxSwift.framework",
				"${BUILT_PRODUCTS_DIR}/leveldb-library/leveldb.framework",
				"${BUILT_PRODUCTS_DIR}/nanopb/nanopb.framework",
			);
			name = "[CP] Embed Pods Frameworks";
			outputFileListPaths = (
			);
			outputPaths = (
				"${TARGET_BUILD_DIR}/${FRAMEWORKS_FOLDER_PATH}/Alamofire.framework",
				"${TARGET_BUILD_DIR}/${FRAMEWORKS_FOLDER_PATH}/GTMOAuth2.framework",
				"${TARGET_BUILD_DIR}/${FRAMEWORKS_FOLDER_PATH}/GTMSessionFetcher.framework",
				"${TARGET_BUILD_DIR}/${FRAMEWORKS_FOLDER_PATH}/GoogleAPIClientForREST.framework",
				"${TARGET_BUILD_DIR}/${FRAMEWORKS_FOLDER_PATH}/GoogleToolboxForMac.framework",
				"${TARGET_BUILD_DIR}/${FRAMEWORKS_FOLDER_PATH}/GoogleUtilities.framework",
				"${TARGET_BUILD_DIR}/${FRAMEWORKS_FOLDER_PATH}/Protobuf.framework",
				"${TARGET_BUILD_DIR}/${FRAMEWORKS_FOLDER_PATH}/RxCocoa.framework",
				"${TARGET_BUILD_DIR}/${FRAMEWORKS_FOLDER_PATH}/RxSwift.framework",
				"${TARGET_BUILD_DIR}/${FRAMEWORKS_FOLDER_PATH}/leveldb.framework",
				"${TARGET_BUILD_DIR}/${FRAMEWORKS_FOLDER_PATH}/nanopb.framework",
			);
			runOnlyForDeploymentPostprocessing = 0;
			shellPath = /bin/sh;
			shellScript = "\"${SRCROOT}/Pods/Target Support Files/Pods-SacredCalendar/Pods-SacredCalendar-frameworks.sh\"\n";
			showEnvVarsInLog = 0;
		};
		FB2AC58C8D4A2B9CB765A3AE /* [CP] Check Pods Manifest.lock */ = {
			isa = PBXShellScriptBuildPhase;
			buildActionMask = 2147483647;
			files = (
			);
			inputFileListPaths = (
			);
			inputPaths = (
				"${PODS_PODFILE_DIR_PATH}/Podfile.lock",
				"${PODS_ROOT}/Manifest.lock",
			);
			name = "[CP] Check Pods Manifest.lock";
			outputFileListPaths = (
			);
			outputPaths = (
				"$(DERIVED_FILE_DIR)/Pods-SacredCalendarTests-checkManifestLockResult.txt",
			);
			runOnlyForDeploymentPostprocessing = 0;
			shellPath = /bin/sh;
			shellScript = "diff \"${PODS_PODFILE_DIR_PATH}/Podfile.lock\" \"${PODS_ROOT}/Manifest.lock\" > /dev/null\nif [ $? != 0 ] ; then\n    # print error to STDERR\n    echo \"error: The sandbox is not in sync with the Podfile.lock. Run 'pod install' or update your CocoaPods installation.\" >&2\n    exit 1\nfi\n# This output is used by Xcode 'outputs' to avoid re-running this script phase.\necho \"SUCCESS\" > \"${SCRIPT_OUTPUT_FILE_0}\"\n";
			showEnvVarsInLog = 0;
		};
/* End PBXShellScriptBuildPhase section */

/* Begin PBXSourcesBuildPhase section */
		8BA90054215334BA00FF7733 /* Sources */ = {
			isa = PBXSourcesBuildPhase;
			buildActionMask = 2147483647;
			files = (
				8BA9005E215334BA00FF7733 /* ViewController.swift in Sources */,
				8BA9005C215334BA00FF7733 /* AppDelegate.swift in Sources */,
				71D90933216D98390036AC5E /* Event.swift in Sources */,
			);
			runOnlyForDeploymentPostprocessing = 0;
		};
		8BA90068215334BB00FF7733 /* Sources */ = {
			isa = PBXSourcesBuildPhase;
			buildActionMask = 2147483647;
			files = (
				8BA90071215334BB00FF7733 /* SacredCalendarTests.swift in Sources */,
			);
			runOnlyForDeploymentPostprocessing = 0;
		};
		8BA90073215334BB00FF7733 /* Sources */ = {
			isa = PBXSourcesBuildPhase;
			buildActionMask = 2147483647;
			files = (
				8BA9007C215334BB00FF7733 /* SacredCalendarUITests.swift in Sources */,
			);
			runOnlyForDeploymentPostprocessing = 0;
		};
/* End PBXSourcesBuildPhase section */

/* Begin PBXTargetDependency section */
		8BA9006E215334BB00FF7733 /* PBXTargetDependency */ = {
			isa = PBXTargetDependency;
			target = 8BA90057215334BA00FF7733 /* SacredCalendar */;
			targetProxy = 8BA9006D215334BB00FF7733 /* PBXContainerItemProxy */;
		};
		8BA90079215334BB00FF7733 /* PBXTargetDependency */ = {
			isa = PBXTargetDependency;
			target = 8BA90057215334BA00FF7733 /* SacredCalendar */;
			targetProxy = 8BA90078215334BB00FF7733 /* PBXContainerItemProxy */;
		};
/* End PBXTargetDependency section */

/* Begin PBXVariantGroup section */
		8BA9005F215334BA00FF7733 /* Main.storyboard */ = {
			isa = PBXVariantGroup;
			children = (
				8BA90060215334BA00FF7733 /* Base */,
			);
			name = Main.storyboard;
			sourceTree = "<group>";
		};
		8BA90064215334BA00FF7733 /* LaunchScreen.storyboard */ = {
			isa = PBXVariantGroup;
			children = (
				8BA90065215334BA00FF7733 /* Base */,
			);
			name = LaunchScreen.storyboard;
			sourceTree = "<group>";
		};
/* End PBXVariantGroup section */

/* Begin XCBuildConfiguration section */
		8BA9007E215334BB00FF7733 /* Debug */ = {
			isa = XCBuildConfiguration;
			buildSettings = {
				ALWAYS_SEARCH_USER_PATHS = NO;
				CLANG_ANALYZER_NONNULL = YES;
				CLANG_ANALYZER_NUMBER_OBJECT_CONVERSION = YES_AGGRESSIVE;
				CLANG_CXX_LANGUAGE_STANDARD = "gnu++14";
				CLANG_CXX_LIBRARY = "libc++";
				CLANG_ENABLE_MODULES = YES;
				CLANG_ENABLE_OBJC_ARC = YES;
				CLANG_ENABLE_OBJC_WEAK = YES;
				CLANG_WARN_BLOCK_CAPTURE_AUTORELEASING = YES;
				CLANG_WARN_BOOL_CONVERSION = YES;
				CLANG_WARN_COMMA = YES;
				CLANG_WARN_CONSTANT_CONVERSION = YES;
				CLANG_WARN_DEPRECATED_OBJC_IMPLEMENTATIONS = YES;
				CLANG_WARN_DIRECT_OBJC_ISA_USAGE = YES_ERROR;
				CLANG_WARN_DOCUMENTATION_COMMENTS = YES;
				CLANG_WARN_EMPTY_BODY = YES;
				CLANG_WARN_ENUM_CONVERSION = YES;
				CLANG_WARN_INFINITE_RECURSION = YES;
				CLANG_WARN_INT_CONVERSION = YES;
				CLANG_WARN_NON_LITERAL_NULL_CONVERSION = YES;
				CLANG_WARN_OBJC_IMPLICIT_RETAIN_SELF = YES;
				CLANG_WARN_OBJC_LITERAL_CONVERSION = YES;
				CLANG_WARN_OBJC_ROOT_CLASS = YES_ERROR;
				CLANG_WARN_RANGE_LOOP_ANALYSIS = YES;
				CLANG_WARN_STRICT_PROTOTYPES = YES;
				CLANG_WARN_SUSPICIOUS_MOVE = YES;
				CLANG_WARN_UNGUARDED_AVAILABILITY = YES_AGGRESSIVE;
				CLANG_WARN_UNREACHABLE_CODE = YES;
				CLANG_WARN__DUPLICATE_METHOD_MATCH = YES;
				CODE_SIGN_IDENTITY = "iPhone Developer";
				COPY_PHASE_STRIP = NO;
				DEBUG_INFORMATION_FORMAT = dwarf;
				ENABLE_STRICT_OBJC_MSGSEND = YES;
				ENABLE_TESTABILITY = YES;
				GCC_C_LANGUAGE_STANDARD = gnu11;
				GCC_DYNAMIC_NO_PIC = NO;
				GCC_NO_COMMON_BLOCKS = YES;
				GCC_OPTIMIZATION_LEVEL = 0;
				GCC_PREPROCESSOR_DEFINITIONS = (
					"DEBUG=1",
					"$(inherited)",
				);
				GCC_WARN_64_TO_32_BIT_CONVERSION = YES;
				GCC_WARN_ABOUT_RETURN_TYPE = YES_ERROR;
				GCC_WARN_UNDECLARED_SELECTOR = YES;
				GCC_WARN_UNINITIALIZED_AUTOS = YES_AGGRESSIVE;
				GCC_WARN_UNUSED_FUNCTION = YES;
				GCC_WARN_UNUSED_VARIABLE = YES;
				IPHONEOS_DEPLOYMENT_TARGET = 12.0;
				MTL_ENABLE_DEBUG_INFO = INCLUDE_SOURCE;
				MTL_FAST_MATH = YES;
				ONLY_ACTIVE_ARCH = YES;
				SDKROOT = iphoneos;
				SWIFT_ACTIVE_COMPILATION_CONDITIONS = DEBUG;
				SWIFT_OPTIMIZATION_LEVEL = "-Onone";
			};
			name = Debug;
		};
		8BA9007F215334BB00FF7733 /* Release */ = {
			isa = XCBuildConfiguration;
			buildSettings = {
				ALWAYS_SEARCH_USER_PATHS = NO;
				CLANG_ANALYZER_NONNULL = YES;
				CLANG_ANALYZER_NUMBER_OBJECT_CONVERSION = YES_AGGRESSIVE;
				CLANG_CXX_LANGUAGE_STANDARD = "gnu++14";
				CLANG_CXX_LIBRARY = "libc++";
				CLANG_ENABLE_MODULES = YES;
				CLANG_ENABLE_OBJC_ARC = YES;
				CLANG_ENABLE_OBJC_WEAK = YES;
				CLANG_WARN_BLOCK_CAPTURE_AUTORELEASING = YES;
				CLANG_WARN_BOOL_CONVERSION = YES;
				CLANG_WARN_COMMA = YES;
				CLANG_WARN_CONSTANT_CONVERSION = YES;
				CLANG_WARN_DEPRECATED_OBJC_IMPLEMENTATIONS = YES;
				CLANG_WARN_DIRECT_OBJC_ISA_USAGE = YES_ERROR;
				CLANG_WARN_DOCUMENTATION_COMMENTS = YES;
				CLANG_WARN_EMPTY_BODY = YES;
				CLANG_WARN_ENUM_CONVERSION = YES;
				CLANG_WARN_INFINITE_RECURSION = YES;
				CLANG_WARN_INT_CONVERSION = YES;
				CLANG_WARN_NON_LITERAL_NULL_CONVERSION = YES;
				CLANG_WARN_OBJC_IMPLICIT_RETAIN_SELF = YES;
				CLANG_WARN_OBJC_LITERAL_CONVERSION = YES;
				CLANG_WARN_OBJC_ROOT_CLASS = YES_ERROR;
				CLANG_WARN_RANGE_LOOP_ANALYSIS = YES;
				CLANG_WARN_STRICT_PROTOTYPES = YES;
				CLANG_WARN_SUSPICIOUS_MOVE = YES;
				CLANG_WARN_UNGUARDED_AVAILABILITY = YES_AGGRESSIVE;
				CLANG_WARN_UNREACHABLE_CODE = YES;
				CLANG_WARN__DUPLICATE_METHOD_MATCH = YES;
				CODE_SIGN_IDENTITY = "iPhone Developer";
				COPY_PHASE_STRIP = NO;
				DEBUG_INFORMATION_FORMAT = "dwarf-with-dsym";
				ENABLE_NS_ASSERTIONS = NO;
				ENABLE_STRICT_OBJC_MSGSEND = YES;
				GCC_C_LANGUAGE_STANDARD = gnu11;
				GCC_NO_COMMON_BLOCKS = YES;
				GCC_WARN_64_TO_32_BIT_CONVERSION = YES;
				GCC_WARN_ABOUT_RETURN_TYPE = YES_ERROR;
				GCC_WARN_UNDECLARED_SELECTOR = YES;
				GCC_WARN_UNINITIALIZED_AUTOS = YES_AGGRESSIVE;
				GCC_WARN_UNUSED_FUNCTION = YES;
				GCC_WARN_UNUSED_VARIABLE = YES;
				IPHONEOS_DEPLOYMENT_TARGET = 12.0;
				MTL_ENABLE_DEBUG_INFO = NO;
				MTL_FAST_MATH = YES;
				SDKROOT = iphoneos;
				SWIFT_COMPILATION_MODE = wholemodule;
				SWIFT_OPTIMIZATION_LEVEL = "-O";
				VALIDATE_PRODUCT = YES;
			};
			name = Release;
		};
		8BA90081215334BB00FF7733 /* Debug */ = {
			isa = XCBuildConfiguration;
			baseConfigurationReference = 6DF08B653A47221361681CB6 /* Pods-SacredCalendar.debug.xcconfig */;
			buildSettings = {
				ASSETCATALOG_COMPILER_APPICON_NAME = AppIcon;
				CODE_SIGN_STYLE = Automatic;
				DEVELOPMENT_TEAM = 349WFX4WJR;
				INFOPLIST_FILE = SacredCalendar/Info.plist;
				LD_RUNPATH_SEARCH_PATHS = (
					"$(inherited)",
					"@executable_path/Frameworks",
				);
				PRODUCT_BUNDLE_IDENTIFIER = edu.missouri.CS4320.SacredCalendar;
				PRODUCT_NAME = "$(TARGET_NAME)";
				SWIFT_VERSION = 4.2;
				TARGETED_DEVICE_FAMILY = "1,2";
			};
			name = Debug;
		};
		8BA90082215334BB00FF7733 /* Release */ = {
			isa = XCBuildConfiguration;
			baseConfigurationReference = D6641C8971CEEBC04FEF89F5 /* Pods-SacredCalendar.release.xcconfig */;
			buildSettings = {
				ASSETCATALOG_COMPILER_APPICON_NAME = AppIcon;
				CODE_SIGN_STYLE = Automatic;
				DEVELOPMENT_TEAM = 349WFX4WJR;
				INFOPLIST_FILE = SacredCalendar/Info.plist;
				LD_RUNPATH_SEARCH_PATHS = (
					"$(inherited)",
					"@executable_path/Frameworks",
				);
				PRODUCT_BUNDLE_IDENTIFIER = edu.missouri.CS4320.SacredCalendar;
				PRODUCT_NAME = "$(TARGET_NAME)";
				SWIFT_VERSION = 4.2;
				TARGETED_DEVICE_FAMILY = "1,2";
			};
			name = Release;
		};
		8BA90084215334BB00FF7733 /* Debug */ = {
			isa = XCBuildConfiguration;
			baseConfigurationReference = C86CBD267973E68417265440 /* Pods-SacredCalendarTests.debug.xcconfig */;
			buildSettings = {
				ALWAYS_EMBED_SWIFT_STANDARD_LIBRARIES = YES;
				BUNDLE_LOADER = "$(TEST_HOST)";
				CODE_SIGN_STYLE = Automatic;
				DEVELOPMENT_TEAM = 349WFX4WJR;
				INFOPLIST_FILE = SacredCalendarTests/Info.plist;
				LD_RUNPATH_SEARCH_PATHS = (
					"$(inherited)",
					"@executable_path/Frameworks",
					"@loader_path/Frameworks",
				);
				PRODUCT_BUNDLE_IDENTIFIER = edu.missouri.CS4320.SacredCalendarTests;
				PRODUCT_NAME = "$(TARGET_NAME)";
				SWIFT_VERSION = 4.2;
				TARGETED_DEVICE_FAMILY = "1,2";
				TEST_HOST = "$(BUILT_PRODUCTS_DIR)/SacredCalendar.app/SacredCalendar";
			};
			name = Debug;
		};
		8BA90085215334BB00FF7733 /* Release */ = {
			isa = XCBuildConfiguration;
			baseConfigurationReference = A6BB218A37F34B3C5BA101D8 /* Pods-SacredCalendarTests.release.xcconfig */;
			buildSettings = {
				ALWAYS_EMBED_SWIFT_STANDARD_LIBRARIES = YES;
				BUNDLE_LOADER = "$(TEST_HOST)";
				CODE_SIGN_STYLE = Automatic;
				DEVELOPMENT_TEAM = 349WFX4WJR;
				INFOPLIST_FILE = SacredCalendarTests/Info.plist;
				LD_RUNPATH_SEARCH_PATHS = (
					"$(inherited)",
					"@executable_path/Frameworks",
					"@loader_path/Frameworks",
				);
				PRODUCT_BUNDLE_IDENTIFIER = edu.missouri.CS4320.SacredCalendarTests;
				PRODUCT_NAME = "$(TARGET_NAME)";
				SWIFT_VERSION = 4.2;
				TARGETED_DEVICE_FAMILY = "1,2";
				TEST_HOST = "$(BUILT_PRODUCTS_DIR)/SacredCalendar.app/SacredCalendar";
			};
			name = Release;
		};
		8BA90087215334BB00FF7733 /* Debug */ = {
			isa = XCBuildConfiguration;
			baseConfigurationReference = D7E1235FAE83FD8658C39CF6 /* Pods-SacredCalendarUITests.debug.xcconfig */;
			buildSettings = {
				ALWAYS_EMBED_SWIFT_STANDARD_LIBRARIES = YES;
				CODE_SIGN_STYLE = Automatic;
				DEVELOPMENT_TEAM = 349WFX4WJR;
				INFOPLIST_FILE = SacredCalendarUITests/Info.plist;
				LD_RUNPATH_SEARCH_PATHS = (
					"$(inherited)",
					"@executable_path/Frameworks",
					"@loader_path/Frameworks",
				);
				PRODUCT_BUNDLE_IDENTIFIER = edu.missouri.CS4320.SacredCalendarUITests;
				PRODUCT_NAME = "$(TARGET_NAME)";
				SWIFT_VERSION = 4.2;
				TARGETED_DEVICE_FAMILY = "1,2";
				TEST_TARGET_NAME = SacredCalendar;
			};
			name = Debug;
		};
		8BA90088215334BB00FF7733 /* Release */ = {
			isa = XCBuildConfiguration;
			baseConfigurationReference = 102A6DC7EE4D37CB05A0985A /* Pods-SacredCalendarUITests.release.xcconfig */;
			buildSettings = {
				ALWAYS_EMBED_SWIFT_STANDARD_LIBRARIES = YES;
				CODE_SIGN_STYLE = Automatic;
				DEVELOPMENT_TEAM = 349WFX4WJR;
				INFOPLIST_FILE = SacredCalendarUITests/Info.plist;
				LD_RUNPATH_SEARCH_PATHS = (
					"$(inherited)",
					"@executable_path/Frameworks",
					"@loader_path/Frameworks",
				);
				PRODUCT_BUNDLE_IDENTIFIER = edu.missouri.CS4320.SacredCalendarUITests;
				PRODUCT_NAME = "$(TARGET_NAME)";
				SWIFT_VERSION = 4.2;
				TARGETED_DEVICE_FAMILY = "1,2";
				TEST_TARGET_NAME = SacredCalendar;
			};
			name = Release;
		};
/* End XCBuildConfiguration section */

/* Begin XCConfigurationList section */
		8BA90053215334BA00FF7733 /* Build configuration list for PBXProject "SacredCalendar" */ = {
			isa = XCConfigurationList;
			buildConfigurations = (
				8BA9007E215334BB00FF7733 /* Debug */,
				8BA9007F215334BB00FF7733 /* Release */,
			);
			defaultConfigurationIsVisible = 0;
			defaultConfigurationName = Release;
		};
		8BA90080215334BB00FF7733 /* Build configuration list for PBXNativeTarget "SacredCalendar" */ = {
			isa = XCConfigurationList;
			buildConfigurations = (
				8BA90081215334BB00FF7733 /* Debug */,
				8BA90082215334BB00FF7733 /* Release */,
			);
			defaultConfigurationIsVisible = 0;
			defaultConfigurationName = Release;
		};
		8BA90083215334BB00FF7733 /* Build configuration list for PBXNativeTarget "SacredCalendarTests" */ = {
			isa = XCConfigurationList;
			buildConfigurations = (
				8BA90084215334BB00FF7733 /* Debug */,
				8BA90085215334BB00FF7733 /* Release */,
			);
			defaultConfigurationIsVisible = 0;
			defaultConfigurationName = Release;
		};
		8BA90086215334BB00FF7733 /* Build configuration list for PBXNativeTarget "SacredCalendarUITests" */ = {
			isa = XCConfigurationList;
			buildConfigurations = (
				8BA90087215334BB00FF7733 /* Debug */,
				8BA90088215334BB00FF7733 /* Release */,
			);
			defaultConfigurationIsVisible = 0;
			defaultConfigurationName = Release;
		};
/* End XCConfigurationList section */
	};
	rootObject = 8BA90050215334BA00FF7733 /* Project object */;
}
